
Microsoft Visual Studio Solution File, Format Version 12.00
# Visual Studio Version 17
VisualStudioVersion = 17.7.34009.444
MinimumVisualStudioVersion = 10.0.40219.1
Project("{FAE04EC0-301F-11D3-BF4B-00C04F79EFBC}") = "0709Activity", "0709Activity\0709Activity.csproj", "{444C8DB1-2C0C-4A26-AAD8-FE89B7CBCC32}"
EndProject
Global
	GlobalSection(SolutionConfigurationPlatforms) = preSolution
		Debug|Any CPU = Debug|Any CPU
		Release|Any CPU = Release|Any CPU
	EndGlobalSection
	GlobalSection(ProjectConfigurationPlatforms) = postSolution
		{444C8DB1-2C0C-4A26-AAD8-FE89B7CBCC32}.Debug|Any CPU.ActiveCfg = Debug|Any CPU
		{444C8DB1-2C0C-4A26-AAD8-FE89B7CBCC32}.Debug|Any CPU.Build.0 = Debug|Any CPU
		{444C8DB1-2C0C-4A26-AAD8-FE89B7CBCC32}.Release|Any CPU.ActiveCfg = Release|Any CPU
		{444C8DB1-2C0C-4A26-AAD8-FE89B7CBCC32}.Release|Any CPU.Build.0 = Release|Any CPU
	EndGlobalSection
	GlobalSection(SolutionProperties) = preSolution
		HideSolutionNode = FALSE
	EndGlobalSection
	GlobalSection(ExtensibilityGlobals) = postSolution
		SolutionGuid = {2D31EBD8-5DE6-42CB-8247-9DBC527A1EBE}
	EndGlobalSection
EndGlobal
